version = 1
revision = 3
requires-python = ">=3.12"

[[package]]
name = "clean-text"
version = "0.6.0"
source = { registry = "https://pypi.org/simple" }
dependencies = [
    { name = "emoji" },
    { name = "ftfy" },
]
sdist = { url = "https://files.pythonhosted.org/packages/c3/5c/3151736165b123611351c103908f24841d88df0dfe455ece15b2657adeae/clean-text-0.6.0.tar.gz", hash = "sha256:8374b385fc2a26e06383f62aed076fa6be115e5832239e2a7fd8b344fa8d2ab2", size = 12432, upload-time = "2022-02-02T21:45:52.162Z" }
wheels = [
    { url = "https://files.pythonhosted.org/packages/34/7f/c99da1cf5b69ed112b3f21029f2cbf37ee4dbffc4607fa0c5601f1991410/clean_text-0.6.0-py3-none-any.whl", hash = "sha256:4fedb156042f192cdef9ed5324b281465f1116aba96791e9289384a2e6bec4da", size = 11586, upload-time = "2022-02-02T21:45:53.98Z" },
]

[[package]]
name = "emoji"
version = "1.7.0"
source = { registry = "https://pypi.org/simple" }
sdist = { url = "https://files.pythonhosted.org/packages/68/8a/b08dd0b946f0843cba782e3784cd979c33f144e5e7c37fb0162dc47acd43/emoji-1.7.0.tar.gz", hash = "sha256:65c54533ea3c78f30d0729288998715f418d7467de89ec258a31c0ce8660a1d1", size = 175436, upload-time = "2022-03-08T17:51:05.642Z" }

[[package]]
name = "ftfy"
version = "6.3.1"
source = { registry = "https://pypi.org/simple" }
dependencies = [
    { name = "wcwidth" },
]
sdist = { url = "https://files.pythonhosted.org/packages/a5/d3/8650919bc3c7c6e90ee3fa7fd618bf373cbbe55dff043bd67353dbb20cd8/ftfy-6.3.1.tar.gz", hash = "sha256:9b3c3d90f84fb267fe64d375a07b7f8912d817cf86009ae134aa03e1819506ec", size = 308927, upload-time = "2024-10-26T00:50:35.149Z" }
wheels = [
    { url = "https://files.pythonhosted.org/packages/ab/6e/81d47999aebc1b155f81eca4477a616a70f238a2549848c38983f3c22a82/ftfy-6.3.1-py3-none-any.whl", hash = "sha256:7c70eb532015cd2f9adb53f101fb6c7945988d023a085d127d1573dc49dd0083", size = 44821, upload-time = "2024-10-26T00:50:33.425Z" },
]

[[package]]
name = "homework"
version = "0.1.0"
source = { virtual = "." }
dependencies = [
    { name = "clean-text" },
    { name = "joblib" },
]

[package.metadata]
requires-dist = [
    { name = "clean-text", specifier = ">=0.6.0" },
    { name = "joblib", specifier = ">=1.5.2" },
]

[[package]]
name = "joblib"
version = "1.5.2"
source = { registry = "https://pypi.org/simple" }
sdist = { url = "https://files.pythonhosted.org/packages/e8/5d/447af5ea094b9e4c4054f82e223ada074c552335b9b4b2d14bd9b35a67c4/joblib-1.5.2.tar.gz", hash = "sha256:3faa5c39054b2f03ca547da9b2f52fde67c06240c31853f306aea97f13647b55", size = 331077, upload-time = "2025-08-27T12:15:46.575Z" }
wheels = [
    { url = "https://files.pythonhosted.org/packages/1e/e8/685f47e0d754320684db4425a0967f7d3fa70126bffd76110b7009a0090f/joblib-1.5.2-py3-none-any.whl", hash = "sha256:4e1f0bdbb987e6d843c70cf43714cb276623def372df3c22fe5266b2670bc241", size = 308396, upload-time = "2025-08-27T12:15:45.188Z" },
]

[[package]]
name = "wcwidth"
version = "0.2.14"
source = { registry = "https://pypi.org/simple" }
sdist = { url = "https://files.pythonhosted.org/packages/24/30/6b0809f4510673dc723187aeaf24c7f5459922d01e2f794277a3dfb90345/wcwidth-0.2.14.tar.gz", hash = "sha256:4d478375d31bc5395a3c55c40ccdf3354688364cd61c4f6adacaa9215d0b3605", size = 102293, upload-time = "2025-09-22T16:29:53.023Z" }
wheels = [
    { url = "https://files.pythonhosted.org/packages/af/b5/123f13c975e9f27ab9c0770f514345bd406d0e8d3b7a0723af9d43f710af/wcwidth-0.2.14-py2.py3-none-any.whl", hash = "sha256:a7bb560c8aee30f9957e5f9895805edd20602f2d7f720186dfd906e82b4982e1", size = 37286, upload-time = "2025-09-22T16:29:51.641Z" },
]
